
Microsoft Visual Studio Solution File, Format Version 12.00
# Visual Studio Version 16
VisualStudioVersion = 25.0.1704.0
MinimumVisualStudioVersion = 10.0.40219.1
Project("{FAE04EC0-301F-11D3-BF4B-00C04F79EFBC}") = "ExperimentWithControls", "ExperimentWithControls.csproj", "{90538928-CDCB-454B-BA67-76A37E88B699}"
EndProject
Global
	GlobalSection(SolutionConfigurationPlatforms) = preSolution
		Debug|Any CPU = Debug|Any CPU
		Release|Any CPU = Release|Any CPU
	EndGlobalSection
	GlobalSection(ProjectConfigurationPlatforms) = postSolution
		{90538928-CDCB-454B-BA67-76A37E88B699}.Debug|Any CPU.ActiveCfg = Debug|Any CPU
		{90538928-CDCB-454B-BA67-76A37E88B699}.Debug|Any CPU.Build.0 = Debug|Any CPU
		{90538928-CDCB-454B-BA67-76A37E88B699}.Release|Any CPU.ActiveCfg = Release|Any CPU
		{90538928-CDCB-454B-BA67-76A37E88B699}.Release|Any CPU.Build.0 = Release|Any CPU
	EndGlobalSection
	GlobalSection(SolutionProperties) = preSolution
		HideSolutionNode = FALSE
	EndGlobalSection
	GlobalSection(ExtensibilityGlobals) = postSolution
		SolutionGuid = {1CEAE06F-1074-48DE-8F3D-F4D94FC0DE6B}
	EndGlobalSection
EndGlobal
